
Microsoft Visual Studio Solution File, Format Version 12.00
# Visual Studio Version 16
VisualStudioVersion = 16.0.31005.135
MinimumVisualStudioVersion = 10.0.40219.1
Project("{FAE04EC0-301F-11D3-BF4B-00C04F79EFBC}") = "WebApplication1", "WebApplication1\WebApplication1.csproj", "{CFFE29B5-BA44-4A51-8CDE-656E955365BD}"
EndProject
Project("{FAE04EC0-301F-11D3-BF4B-00C04F79EFBC}") = "BasicWebForm", "BasicWebForm\BasicWebForm.csproj", "{BC4F8D96-EC16-45DD-9B81-98F7E39FB357}"
EndProject
Project("{FAE04EC0-301F-11D3-BF4B-00C04F79EFBC}") = "WebAppAndDB", "WebAppAndDB\WebAppAndDB.csproj", "{91DCC87F-2E4C-4979-B461-2C1825573B49}"
EndProject
Project("{FAE04EC0-301F-11D3-BF4B-00C04F79EFBC}") = "ConsoleApp1", "ConsoleApp1\ConsoleApp1.csproj", "{35DECF7C-CC9D-4890-9F80-7A6D44D6A90C}"
EndProject
Project("{FAE04EC0-301F-11D3-BF4B-00C04F79EFBC}") = "HtmlPratice", "HtmlPratice\HtmlPratice.csproj", "{F0393BD9-B061-46B5-A25D-EB33D4A0865D}"
EndProject
Project("{FAE04EC0-301F-11D3-BF4B-00C04F79EFBC}") = "LessionSamples", "LessionSamples\LessionSamples.csproj", "{86D003D6-AAE8-4AC0-8DEF-D5950B5F44E0}"
EndProject
Project("{FAE04EC0-301F-11D3-BF4B-00C04F79EFBC}") = "TryLifeCircle", "TryLifeCircle\TryLifeCircle.csproj", "{E4D9CC7D-9D41-4076-9A5F-BD85408B064B}"
EndProject
Project("{FAE04EC0-301F-11D3-BF4B-00C04F79EFBC}") = "JavaScriptProject", "JavaScriptProject\JavaScriptProject.csproj", "{6E43048D-E3C3-417B-ADF2-EE1F03476ADB}"
EndProject
Global
	GlobalSection(SolutionConfigurationPlatforms) = preSolution
		Debug|Any CPU = Debug|Any CPU
		Release|Any CPU = Release|Any CPU
	EndGlobalSection
	GlobalSection(ProjectConfigurationPlatforms) = postSolution
		{CFFE29B5-BA44-4A51-8CDE-656E955365BD}.Debug|Any CPU.ActiveCfg = Debug|Any CPU
		{CFFE29B5-BA44-4A51-8CDE-656E955365BD}.Debug|Any CPU.Build.0 = Debug|Any CPU
		{CFFE29B5-BA44-4A51-8CDE-656E955365BD}.Release|Any CPU.ActiveCfg = Release|Any CPU
		{CFFE29B5-BA44-4A51-8CDE-656E955365BD}.Release|Any CPU.Build.0 = Release|Any CPU
		{BC4F8D96-EC16-45DD-9B81-98F7E39FB357}.Debug|Any CPU.ActiveCfg = Debug|Any CPU
		{BC4F8D96-EC16-45DD-9B81-98F7E39FB357}.Debug|Any CPU.Build.0 = Debug|Any CPU
		{BC4F8D96-EC16-45DD-9B81-98F7E39FB357}.Release|Any CPU.ActiveCfg = Release|Any CPU
		{BC4F8D96-EC16-45DD-9B81-98F7E39FB357}.Release|Any CPU.Build.0 = Release|Any CPU
		{91DCC87F-2E4C-4979-B461-2C1825573B49}.Debug|Any CPU.ActiveCfg = Debug|Any CPU
		{91DCC87F-2E4C-4979-B461-2C1825573B49}.Debug|Any CPU.Build.0 = Debug|Any CPU
		{91DCC87F-2E4C-4979-B461-2C1825573B49}.Release|Any CPU.ActiveCfg = Release|Any CPU
		{91DCC87F-2E4C-4979-B461-2C1825573B49}.Release|Any CPU.Build.0 = Release|Any CPU
		{35DECF7C-CC9D-4890-9F80-7A6D44D6A90C}.Debug|Any CPU.ActiveCfg = Debug|Any CPU
		{35DECF7C-CC9D-4890-9F80-7A6D44D6A90C}.Debug|Any CPU.Build.0 = Debug|Any CPU
		{35DECF7C-CC9D-4890-9F80-7A6D44D6A90C}.Release|Any CPU.ActiveCfg = Release|Any CPU
		{35DECF7C-CC9D-4890-9F80-7A6D44D6A90C}.Release|Any CPU.Build.0 = Release|Any CPU
		{F0393BD9-B061-46B5-A25D-EB33D4A0865D}.Debug|Any CPU.ActiveCfg = Debug|Any CPU
		{F0393BD9-B061-46B5-A25D-EB33D4A0865D}.Debug|Any CPU.Build.0 = Debug|Any CPU
		{F0393BD9-B061-46B5-A25D-EB33D4A0865D}.Release|Any CPU.ActiveCfg = Release|Any CPU
		{F0393BD9-B061-46B5-A25D-EB33D4A0865D}.Release|Any CPU.Build.0 = Release|Any CPU
		{86D003D6-AAE8-4AC0-8DEF-D5950B5F44E0}.Debug|Any CPU.ActiveCfg = Debug|Any CPU
		{86D003D6-AAE8-4AC0-8DEF-D5950B5F44E0}.Debug|Any CPU.Build.0 = Debug|Any CPU
		{86D003D6-AAE8-4AC0-8DEF-D5950B5F44E0}.Release|Any CPU.ActiveCfg = Release|Any CPU
		{86D003D6-AAE8-4AC0-8DEF-D5950B5F44E0}.Release|Any CPU.Build.0 = Release|Any CPU
		{E4D9CC7D-9D41-4076-9A5F-BD85408B064B}.Debug|Any CPU.ActiveCfg = Debug|Any CPU
		{E4D9CC7D-9D41-4076-9A5F-BD85408B064B}.Debug|Any CPU.Build.0 = Debug|Any CPU
		{E4D9CC7D-9D41-4076-9A5F-BD85408B064B}.Release|Any CPU.ActiveCfg = Release|Any CPU
		{E4D9CC7D-9D41-4076-9A5F-BD85408B064B}.Release|Any CPU.Build.0 = Release|Any CPU
		{6E43048D-E3C3-417B-ADF2-EE1F03476ADB}.Debug|Any CPU.ActiveCfg = Debug|Any CPU
		{6E43048D-E3C3-417B-ADF2-EE1F03476ADB}.Debug|Any CPU.Build.0 = Debug|Any CPU
		{6E43048D-E3C3-417B-ADF2-EE1F03476ADB}.Release|Any CPU.ActiveCfg = Release|Any CPU
		{6E43048D-E3C3-417B-ADF2-EE1F03476ADB}.Release|Any CPU.Build.0 = Release|Any CPU
	EndGlobalSection
	GlobalSection(SolutionProperties) = preSolution
		HideSolutionNode = FALSE
	EndGlobalSection
	GlobalSection(ExtensibilityGlobals) = postSolution
		SolutionGuid = {C42C3464-294C-4829-AF63-E13A1223327E}
	EndGlobalSection
EndGlobal
