
Microsoft Visual Studio Solution File, Format Version 12.00
# Visual Studio Version 16
VisualStudioVersion = 16.0.31005.135
MinimumVisualStudioVersion = 10.0.40219.1
Project("{FAE04EC0-301F-11D3-BF4B-00C04F79EFBC}") = "WebApplication1", "WebApplication1\WebApplication1.csproj", "{CFFE29B5-BA44-4A51-8CDE-656E955365BD}"
EndProject
Global
	GlobalSection(SolutionConfigurationPlatforms) = preSolution
		Debug|Any CPU = Debug|Any CPU
		Release|Any CPU = Release|Any CPU
	EndGlobalSection
	GlobalSection(ProjectConfigurationPlatforms) = postSolution
		{CFFE29B5-BA44-4A51-8CDE-656E955365BD}.Debug|Any CPU.ActiveCfg = Debug|Any CPU
		{CFFE29B5-BA44-4A51-8CDE-656E955365BD}.Debug|Any CPU.Build.0 = Debug|Any CPU
		{CFFE29B5-BA44-4A51-8CDE-656E955365BD}.Release|Any CPU.ActiveCfg = Release|Any CPU
		{CFFE29B5-BA44-4A51-8CDE-656E955365BD}.Release|Any CPU.Build.0 = Release|Any CPU
	EndGlobalSection
	GlobalSection(SolutionProperties) = preSolution
		HideSolutionNode = FALSE
	EndGlobalSection
	GlobalSection(ExtensibilityGlobals) = postSolution
		SolutionGuid = {C42C3464-294C-4829-AF63-E13A1223327E}
	EndGlobalSection
EndGlobal
